{
  "lockfileVersion": 1,
  "workspaces": {
    "": {
      "name": "distill-workspace",
    },
    "packages/cli": {
      "name": "@samuelfaj/distill",
      "version": "0.1.2",
      "bin": {
        "distill": "bin/distill.js",
      },
      "optionalDependencies": {
        "@samuelfaj/distill-darwin-arm64": "0.1.0",
        "@samuelfaj/distill-darwin-x64": "0.1.0",
        "@samuelfaj/distill-linux-arm64": "0.1.0",
        "@samuelfaj/distill-linux-x64": "0.1.0",
      },
    },
    "packages/distill-darwin-arm64": {
      "name": "@samuelfaj/distill-darwin-arm64",
      "version": "0.1.2",
    },
    "packages/distill-darwin-x64": {
      "name": "@samuelfaj/distill-darwin-x64",
      "version": "0.1.2",
    },
    "packages/distill-linux-arm64": {
      "name": "@samuelfaj/distill-linux-arm64",
      "version": "0.1.2",
    },
    "packages/distill-linux-x64": {
      "name": "@samuelfaj/distill-linux-x64",
      "version": "0.1.2",
    },
  },
  "packages": {
    "@samuelfaj/distill": ["@samuelfaj/distill@workspace:packages/cli"],

    "@samuelfaj/distill-darwin-arm64": ["@samuelfaj/distill-darwin-arm64@workspace:packages/distill-darwin-arm64"],

    "@samuelfaj/distill-darwin-x64": ["@samuelfaj/distill-darwin-x64@workspace:packages/distill-darwin-x64"],

    "@samuelfaj/distill-linux-arm64": ["@samuelfaj/distill-linux-arm64@workspace:packages/distill-linux-arm64"],

    "@samuelfaj/distill-linux-x64": ["@samuelfaj/distill-linux-x64@workspace:packages/distill-linux-x64"],
  }
}
